
Microsoft Visual Studio Solution File, Format Version 12.00
# Visual Studio Version 17
VisualStudioVersion = 17.14.36414.22 d17.14
MinimumVisualStudioVersion = 10.0.40219.1
Project("{FAE04EC0-301F-11D3-BF4B-00C04F79EFBC}") = "ProgettoTestWeb", "ProgettoTestWeb\ProgettoTestWeb.csproj", "{EB08765A-C2F5-427F-9A0F-33884E2B0E42}"
EndProject
Global
	GlobalSection(SolutionConfigurationPlatforms) = preSolution
		Debug|Any CPU = Debug|Any CPU
		Release|Any CPU = Release|Any CPU
	EndGlobalSection
	GlobalSection(ProjectConfigurationPlatforms) = postSolution
		{EB08765A-C2F5-427F-9A0F-33884E2B0E42}.Debug|Any CPU.ActiveCfg = Debug|Any CPU
		{EB08765A-C2F5-427F-9A0F-33884E2B0E42}.Debug|Any CPU.Build.0 = Debug|Any CPU
		{EB08765A-C2F5-427F-9A0F-33884E2B0E42}.Release|Any CPU.ActiveCfg = Release|Any CPU
		{EB08765A-C2F5-427F-9A0F-33884E2B0E42}.Release|Any CPU.Build.0 = Release|Any CPU
	EndGlobalSection
	GlobalSection(SolutionProperties) = preSolution
		HideSolutionNode = FALSE
	EndGlobalSection
	GlobalSection(ExtensibilityGlobals) = postSolution
		SolutionGuid = {9FA1DA74-E3A4-4584-8583-55DE8F748950}
	EndGlobalSection
EndGlobal
